// !$*UTF8*$!
{
	archiveVersion = 1;
	classes = {
	};
	objectVersion = 56;
	objects = {

/* Begin PBXBuildFile section */
		18D7E5FB2C6AEE4600A382D4 /* SwiftUi_weatherApp.swift in Sources */ = {isa = PBXBuildFile; fileRef = 18D7E5FA2C6AEE4600A382D4 /* SwiftUi_weatherApp.swift */; };
		18D7E5FD2C6AEE4600A382D4 /* ContentView.swift in Sources */ = {isa = PBXBuildFile; fileRef = 18D7E5FC2C6AEE4600A382D4 /* ContentView.swift */; };
		18D7E5FF2C6AEE4800A382D4 /* Assets.xcassets in Resources */ = {isa = PBXBuildFile; fileRef = 18D7E5FE2C6AEE4800A382D4 /* Assets.xcassets */; };
		18D7E6022C6AEE4800A382D4 /* Preview Assets.xcassets in Resources */ = {isa = PBXBuildFile; fileRef = 18D7E6012C6AEE4800A382D4 /* Preview Assets.xcassets */; };
		18D7E60C2C6AEE4800A382D4 /* SwiftUi_weatherTests.swift in Sources */ = {isa = PBXBuildFile; fileRef = 18D7E60B2C6AEE4800A382D4 /* SwiftUi_weatherTests.swift */; };
		18D7E6162C6AEE4800A382D4 /* SwiftUi_weatherUITests.swift in Sources */ = {isa = PBXBuildFile; fileRef = 18D7E6152C6AEE4800A382D4 /* SwiftUi_weatherUITests.swift */; };
		18D7E6182C6AEE4800A382D4 /* SwiftUi_weatherUITestsLaunchTests.swift in Sources */ = {isa = PBXBuildFile; fileRef = 18D7E6172C6AEE4800A382D4 /* SwiftUi_weatherUITestsLaunchTests.swift */; };
/* End PBXBuildFile section */

/* Begin PBXContainerItemProxy section */
		18D7E6082C6AEE4800A382D4 /* PBXContainerItemProxy */ = {
			isa = PBXContainerItemProxy;
			containerPortal = 18D7E5EF2C6AEE4600A382D4 /* Project object */;
			proxyType = 1;
			remoteGlobalIDString = 18D7E5F62C6AEE4600A382D4;
			remoteInfo = "SwiftUi-weather";
		};
		18D7E6122C6AEE4800A382D4 /* PBXContainerItemProxy */ = {
			isa = PBXContainerItemProxy;
			containerPortal = 18D7E5EF2C6AEE4600A382D4 /* Project object */;
			proxyType = 1;
			remoteGlobalIDString = 18D7E5F62C6AEE4600A382D4;
			remoteInfo = "SwiftUi-weather";
		};
/* End PBXContainerItemProxy section */

/* Begin PBXFileReference section */
		18D7E5F72C6AEE4600A382D4 /* SwiftUi-weather.app */ = {isa = PBXFileReference; explicitFileType = wrapper.application; includeInIndex = 0; path = "SwiftUi-weather.app"; sourceTree = BUILT_PRODUCTS_DIR; };
		18D7E5FA2C6AEE4600A382D4 /* SwiftUi_weatherApp.swift */ = {isa = PBXFileReference; lastKnownFileType = sourcecode.swift; path = SwiftUi_weatherApp.swift; sourceTree = "<group>"; };
		18D7E5FC2C6AEE4600A382D4 /* ContentView.swift */ = {isa = PBXFileReference; lastKnownFileType = sourcecode.swift; path = ContentView.swift; sourceTree = "<group>"; };
		18D7E5FE2C6AEE4800A382D4 /* Assets.xcassets */ = {isa = PBXFileReference; lastKnownFileType = folder.assetcatalog; path = Assets.xcassets; sourceTree = "<group>"; };
		18D7E6012C6AEE4800A382D4 /* Preview Assets.xcassets */ = {isa = PBXFileReference; lastKnownFileType = folder.assetcatalog; path = "Preview Assets.xcassets"; sourceTree = "<group>"; };
		18D7E6072C6AEE4800A382D4 /* SwiftUi-weatherTests.xctest */ = {isa = PBXFileReference; explicitFileType = wrapper.cfbundle; includeInIndex = 0; path = "SwiftUi-weatherTests.xctest"; sourceTree = BUILT_PRODUCTS_DIR; };
		18D7E60B2C6AEE4800A382D4 /* SwiftUi_weatherTests.swift */ = {isa = PBXFileReference; lastKnownFileType = sourcecode.swift; path = SwiftUi_weatherTests.swift; sourceTree = "<group>"; };
		18D7E6112C6AEE4800A382D4 /* SwiftUi-weatherUITests.xctest */ = {isa = PBXFileReference; explicitFileType = wrapper.cfbundle; includeInIndex = 0; path = "SwiftUi-weatherUITests.xctest"; sourceTree = BUILT_PRODUCTS_DIR; };
		18D7E6152C6AEE4800A382D4 /* SwiftUi_weatherUITests.swift */ = {isa = PBXFileReference; lastKnownFileType = sourcecode.swift; path = SwiftUi_weatherUITests.swift; sourceTree = "<group>"; };
		18D7E6172C6AEE4800A382D4 /* SwiftUi_weatherUITestsLaunchTests.swift */ = {isa = PBXFileReference; lastKnownFileType = sourcecode.swift; path = SwiftUi_weatherUITestsLaunchTests.swift; sourceTree = "<group>"; };
/* End PBXFileReference section */

/* Begin PBXFrameworksBuildPhase section */
		18D7E5F42C6AEE4600A382D4 /* Frameworks */ = {
			isa = PBXFrameworksBuildPhase;
			buildActionMask = 2147483647;
			files = (
			);
			runOnlyForDeploymentPostprocessing = 0;
		};
		18D7E6042C6AEE4800A382D4 /* Frameworks */ = {
			isa = PBXFrameworksBuildPhase;
			buildActionMask = 2147483647;
			files = (
			);
			runOnlyForDeploymentPostprocessing = 0;
		};
		18D7E60E2C6AEE4800A382D4 /* Frameworks */ = {
			isa = PBXFrameworksBuildPhase;
			buildActionMask = 2147483647;
			files = (
			);
			runOnlyForDeploymentPostprocessing = 0;
		};
/* End PBXFrameworksBuildPhase section */

/* Begin PBXGroup section */
		18D7E5EE2C6AEE4600A382D4 = {
			isa = PBXGroup;
			children = (
				18D7E5F92C6AEE4600A382D4 /* SwiftUi-weather */,
				18D7E60A2C6AEE4800A382D4 /* SwiftUi-weatherTests */,
				18D7E6142C6AEE4800A382D4 /* SwiftUi-weatherUITests */,
				18D7E5F82C6AEE4600A382D4 /* Products */,
			);
			sourceTree = "<group>";
		};
		18D7E5F82C6AEE4600A382D4 /* Products */ = {
			isa = PBXGroup;
			children = (
				18D7E5F72C6AEE4600A382D4 /* SwiftUi-weather.app */,
				18D7E6072C6AEE4800A382D4 /* SwiftUi-weatherTests.xctest */,
				18D7E6112C6AEE4800A382D4 /* SwiftUi-weatherUITests.xctest */,
			);
			name = Products;
			sourceTree = "<group>";
		};
		18D7E5F92C6AEE4600A382D4 /* SwiftUi-weather */ = {
			isa = PBXGroup;
			children = (
				18D7E5FA2C6AEE4600A382D4 /* SwiftUi_weatherApp.swift */,
				18D7E5FC2C6AEE4600A382D4 /* ContentView.swift */,
				18D7E5FE2C6AEE4800A382D4 /* Assets.xcassets */,
				18D7E6002C6AEE4800A382D4 /* Preview Content */,
			);
			path = "SwiftUi-weather";
			sourceTree = "<group>";
		};
		18D7E6002C6AEE4800A382D4 /* Preview Content */ = {
			isa = PBXGroup;
			children = (
				18D7E6012C6AEE4800A382D4 /* Preview Assets.xcassets */,
			);
			path = "Preview Content";
			sourceTree = "<group>";
		};
		18D7E60A2C6AEE4800A382D4 /* SwiftUi-weatherTests */ = {
			isa = PBXGroup;
			children = (
				18D7E60B2C6AEE4800A382D4 /* SwiftUi_weatherTests.swift */,
			);
			path = "SwiftUi-weatherTests";
			sourceTree = "<group>";
		};
		18D7E6142C6AEE4800A382D4 /* SwiftUi-weatherUITests */ = {
			isa = PBXGroup;
			children = (
				18D7E6152C6AEE4800A382D4 /* SwiftUi_weatherUITests.swift */,
				18D7E6172C6AEE4800A382D4 /* SwiftUi_weatherUITestsLaunchTests.swift */,
			);
			path = "SwiftUi-weatherUITests";
			sourceTree = "<group>";
		};
/* End PBXGroup section */

/* Begin PBXNativeTarget section */
		18D7E5F62C6AEE4600A382D4 /* SwiftUi-weather */ = {
			isa = PBXNativeTarget;
			buildConfigurationList = 18D7E61B2C6AEE4800A382D4 /* Build configuration list for PBXNativeTarget "SwiftUi-weather" */;
			buildPhases = (
				18D7E5F32C6AEE4600A382D4 /* Sources */,
				18D7E5F42C6AEE4600A382D4 /* Frameworks */,
				18D7E5F52C6AEE4600A382D4 /* Resources */,
			);
			buildRules = (
			);
			dependencies = (
			);
			name = "SwiftUi-weather";
			productName = "SwiftUi-weather";
			productReference = 18D7E5F72C6AEE4600A382D4 /* SwiftUi-weather.app */;
			productType = "com.apple.product-type.application";
		};
		18D7E6062C6AEE4800A382D4 /* SwiftUi-weatherTests */ = {
			isa = PBXNativeTarget;
			buildConfigurationList = 18D7E61E2C6AEE4800A382D4 /* Build configuration list for PBXNativeTarget "SwiftUi-weatherTests" */;
			buildPhases = (
				18D7E6032C6AEE4800A382D4 /* Sources */,
				18D7E6042C6AEE4800A382D4 /* Frameworks */,
				18D7E6052C6AEE4800A382D4 /* Resources */,
			);
			buildRules = (
			);
			dependencies = (
				18D7E6092C6AEE4800A382D4 /* PBXTargetDependency */,
			);
			name = "SwiftUi-weatherTests";
			productName = "SwiftUi-weatherTests";
			productReference = 18D7E6072C6AEE4800A382D4 /* SwiftUi-weatherTests.xctest */;
			productType = "com.apple.product-type.bundle.unit-test";
		};
		18D7E6102C6AEE4800A382D4 /* SwiftUi-weatherUITests */ = {
			isa = PBXNativeTarget;
			buildConfigurationList = 18D7E6212C6AEE4800A382D4 /* Build configuration list for PBXNativeTarget "SwiftUi-weatherUITests" */;
			buildPhases = (
				18D7E60D2C6AEE4800A382D4 /* Sources */,
				18D7E60E2C6AEE4800A382D4 /* Frameworks */,
				18D7E60F2C6AEE4800A382D4 /* Resources */,
			);
			buildRules = (
			);
			dependencies = (
				18D7E6132C6AEE4800A382D4 /* PBXTargetDependency */,
			);
			name = "SwiftUi-weatherUITests";
			productName = "SwiftUi-weatherUITests";
			productReference = 18D7E6112C6AEE4800A382D4 /* SwiftUi-weatherUITests.xctest */;
			productType = "com.apple.product-type.bundle.ui-testing";
		};
/* End PBXNativeTarget section */

/* Begin PBXProject section */
		18D7E5EF2C6AEE4600A382D4 /* Project object */ = {
			isa = PBXProject;
			attributes = {
				BuildIndependentTargetsInParallel = 1;
				LastSwiftUpdateCheck = 1540;
				LastUpgradeCheck = 1540;
				TargetAttributes = {
					18D7E5F62C6AEE4600A382D4 = {
						CreatedOnToolsVersion = 15.4;
					};
					18D7E6062C6AEE4800A382D4 = {
						CreatedOnToolsVersion = 15.4;
						TestTargetID = 18D7E5F62C6AEE4600A382D4;
					};
					18D7E6102C6AEE4800A382D4 = {
						CreatedOnToolsVersion = 15.4;
						TestTargetID = 18D7E5F62C6AEE4600A382D4;
					};
				};
			};
			buildConfigurationList = 18D7E5F22C6AEE4600A382D4 /* Build configuration list for PBXProject "SwiftUi-weather" */;
			compatibilityVersion = "Xcode 14.0";
			developmentRegion = en;
			hasScannedForEncodings = 0;
			knownRegions = (
				en,
				Base,
			);
			mainGroup = 18D7E5EE2C6AEE4600A382D4;
			productRefGroup = 18D7E5F82C6AEE4600A382D4 /* Products */;
			projectDirPath = "";
			projectRoot = "";
			targets = (
				18D7E5F62C6AEE4600A382D4 /* SwiftUi-weather */,
				18D7E6062C6AEE4800A382D4 /* SwiftUi-weatherTests */,
				18D7E6102C6AEE4800A382D4 /* SwiftUi-weatherUITests */,
			);
		};
/* End PBXProject section */

/* Begin PBXResourcesBuildPhase section */
		18D7E5F52C6AEE4600A382D4 /* Resources */ = {
			isa = PBXResourcesBuildPhase;
			buildActionMask = 2147483647;
			files = (
				18D7E6022C6AEE4800A382D4 /* Preview Assets.xcassets in Resources */,
				18D7E5FF2C6AEE4800A382D4 /* Assets.xcassets in Resources */,
			);
			runOnlyForDeploymentPostprocessing = 0;
		};
		18D7E6052C6AEE4800A382D4 /* Resources */ = {
			isa = PBXResourcesBuildPhase;
			buildActionMask = 2147483647;
			files = (
			);
			runOnlyForDeploymentPostprocessing = 0;
		};
		18D7E60F2C6AEE4800A382D4 /* Resources */ = {
			isa = PBXResourcesBuildPhase;
			buildActionMask = 2147483647;
			files = (
			);
			runOnlyForDeploymentPostprocessing = 0;
		};
/* End PBXResourcesBuildPhase section */

/* Begin PBXSourcesBuildPhase section */
		18D7E5F32C6AEE4600A382D4 /* Sources */ = {
			isa = PBXSourcesBuildPhase;
			buildActionMask = 2147483647;
			files = (
				18D7E5FD2C6AEE4600A382D4 /* ContentView.swift in Sources */,
				18D7E5FB2C6AEE4600A382D4 /* SwiftUi_weatherApp.swift in Sources */,
			);
			runOnlyForDeploymentPostprocessing = 0;
		};
		18D7E6032C6AEE4800A382D4 /* Sources */ = {
			isa = PBXSourcesBuildPhase;
			buildActionMask = 2147483647;
			files = (
				18D7E60C2C6AEE4800A382D4 /* SwiftUi_weatherTests.swift in Sources */,
			);
			runOnlyForDeploymentPostprocessing = 0;
		};
		18D7E60D2C6AEE4800A382D4 /* Sources */ = {
			isa = PBXSourcesBuildPhase;
			buildActionMask = 2147483647;
			files = (
				18D7E6162C6AEE4800A382D4 /* SwiftUi_weatherUITests.swift in Sources */,
				18D7E6182C6AEE4800A382D4 /* SwiftUi_weatherUITestsLaunchTests.swift in Sources */,
			);
			runOnlyForDeploymentPostprocessing = 0;
		};
/* End PBXSourcesBuildPhase section */

/* Begin PBXTargetDependency section */
		18D7E6092C6AEE4800A382D4 /* PBXTargetDependency */ = {
			isa = PBXTargetDependency;
			target = 18D7E5F62C6AEE4600A382D4 /* SwiftUi-weather */;
			targetProxy = 18D7E6082C6AEE4800A382D4 /* PBXContainerItemProxy */;
		};
		18D7E6132C6AEE4800A382D4 /* PBXTargetDependency */ = {
			isa = PBXTargetDependency;
			target = 18D7E5F62C6AEE4600A382D4 /* SwiftUi-weather */;
			targetProxy = 18D7E6122C6AEE4800A382D4 /* PBXContainerItemProxy */;
		};
/* End PBXTargetDependency section */

/* Begin XCBuildConfiguration section */
		18D7E6192C6AEE4800A382D4 /* Debug */ = {
			isa = XCBuildConfiguration;
			buildSettings = {
				ALWAYS_SEARCH_USER_PATHS = NO;
				ASSETCATALOG_COMPILER_GENERATE_SWIFT_ASSET_SYMBOL_EXTENSIONS = YES;
				CLANG_ANALYZER_NONNULL = YES;
				CLANG_ANALYZER_NUMBER_OBJECT_CONVERSION = YES_AGGRESSIVE;
				CLANG_CXX_LANGUAGE_STANDARD = "gnu++20";
				CLANG_ENABLE_MODULES = YES;
				CLANG_ENABLE_OBJC_ARC = YES;
				CLANG_ENABLE_OBJC_WEAK = YES;
				CLANG_WARN_BLOCK_CAPTURE_AUTORELEASING = YES;
				CLANG_WARN_BOOL_CONVERSION = YES;
				CLANG_WARN_COMMA = YES;
				CLANG_WARN_CONSTANT_CONVERSION = YES;
				CLANG_WARN_DEPRECATED_OBJC_IMPLEMENTATIONS = YES;
				CLANG_WARN_DIRECT_OBJC_ISA_USAGE = YES_ERROR;
				CLANG_WARN_DOCUMENTATION_COMMENTS = YES;
				CLANG_WARN_EMPTY_BODY = YES;
				CLANG_WARN_ENUM_CONVERSION = YES;
				CLANG_WARN_INFINITE_RECURSION = YES;
				CLANG_WARN_INT_CONVERSION = YES;
				CLANG_WARN_NON_LITERAL_NULL_CONVERSION = YES;
				CLANG_WARN_OBJC_IMPLICIT_RETAIN_SELF = YES;
				CLANG_WARN_OBJC_LITERAL_CONVERSION = YES;
				CLANG_WARN_OBJC_ROOT_CLASS = YES_ERROR;
				CLANG_WARN_QUOTED_INCLUDE_IN_FRAMEWORK_HEADER = YES;
				CLANG_WARN_RANGE_LOOP_ANALYSIS = YES;
				CLANG_WARN_STRICT_PROTOTYPES = YES;
				CLANG_WARN_SUSPICIOUS_MOVE = YES;
				CLANG_WARN_UNGUARDED_AVAILABILITY = YES_AGGRESSIVE;
				CLANG_WARN_UNREACHABLE_CODE = YES;
				CLANG_WARN__DUPLICATE_METHOD_MATCH = YES;
				COPY_PHASE_STRIP = NO;
				DEBUG_INFORMATION_FORMAT = dwarf;
				ENABLE_STRICT_OBJC_MSGSEND = YES;
				ENABLE_TESTABILITY = YES;
				ENABLE_USER_SCRIPT_SANDBOXING = YES;
				GCC_C_LANGUAGE_STANDARD = gnu17;
				GCC_DYNAMIC_NO_PIC = NO;
				GCC_NO_COMMON_BLOCKS = YES;
				GCC_OPTIMIZATION_LEVEL = 0;
				GCC_PREPROCESSOR_DEFINITIONS = (
					"DEBUG=1",
					"$(inherited)",
				);
				GCC_WARN_64_TO_32_BIT_CONVERSION = YES;
				GCC_WARN_ABOUT_RETURN_TYPE = YES_ERROR;
				GCC_WARN_UNDECLARED_SELECTOR = YES;
				GCC_WARN_UNINITIALIZED_AUTOS = YES_AGGRESSIVE;
				GCC_WARN_UNUSED_FUNCTION = YES;
				GCC_WARN_UNUSED_VARIABLE = YES;
				IPHONEOS_DEPLOYMENT_TARGET = 17.5;
				LOCALIZATION_PREFERS_STRING_CATALOGS = YES;
				MTL_ENABLE_DEBUG_INFO = INCLUDE_SOURCE;
				MTL_FAST_MATH = YES;
				ONLY_ACTIVE_ARCH = YES;
				SDKROOT = iphoneos;
				SWIFT_ACTIVE_COMPILATION_CONDITIONS = "DEBUG $(inherited)";
				SWIFT_OPTIMIZATION_LEVEL = "-Onone";
			};
			name = Debug;
		};
		18D7E61A2C6AEE4800A382D4 /* Release */ = {
			isa = XCBuildConfiguration;
			buildSettings = {
				ALWAYS_SEARCH_USER_PATHS = NO;
				ASSETCATALOG_COMPILER_GENERATE_SWIFT_ASSET_SYMBOL_EXTENSIONS = YES;
				CLANG_ANALYZER_NONNULL = YES;
				CLANG_ANALYZER_NUMBER_OBJECT_CONVERSION = YES_AGGRESSIVE;
				CLANG_CXX_LANGUAGE_STANDARD = "gnu++20";
				CLANG_ENABLE_MODULES = YES;
				CLANG_ENABLE_OBJC_ARC = YES;
				CLANG_ENABLE_OBJC_WEAK = YES;
				CLANG_WARN_BLOCK_CAPTURE_AUTORELEASING = YES;
				CLANG_WARN_BOOL_CONVERSION = YES;
				CLANG_WARN_COMMA = YES;
				CLANG_WARN_CONSTANT_CONVERSION = YES;
				CLANG_WARN_DEPRECATED_OBJC_IMPLEMENTATIONS = YES;
				CLANG_WARN_DIRECT_OBJC_ISA_USAGE = YES_ERROR;
				CLANG_WARN_DOCUMENTATION_COMMENTS = YES;
				CLANG_WARN_EMPTY_BODY = YES;
				CLANG_WARN_ENUM_CONVERSION = YES;
				CLANG_WARN_INFINITE_RECURSION = YES;
				CLANG_WARN_INT_CONVERSION = YES;
				CLANG_WARN_NON_LITERAL_NULL_CONVERSION = YES;
				CLANG_WARN_OBJC_IMPLICIT_RETAIN_SELF = YES;
				CLANG_WARN_OBJC_LITERAL_CONVERSION = YES;
				CLANG_WARN_OBJC_ROOT_CLASS = YES_ERROR;
				CLANG_WARN_QUOTED_INCLUDE_IN_FRAMEWORK_HEADER = YES;
				CLANG_WARN_RANGE_LOOP_ANALYSIS = YES;
				CLANG_WARN_STRICT_PROTOTYPES = YES;
				CLANG_WARN_SUSPICIOUS_MOVE = YES;
				CLANG_WARN_UNGUARDED_AVAILABILITY = YES_AGGRESSIVE;
				CLANG_WARN_UNREACHABLE_CODE = YES;
				CLANG_WARN__DUPLICATE_METHOD_MATCH = YES;
				COPY_PHASE_STRIP = NO;
				DEBUG_INFORMATION_FORMAT = "dwarf-with-dsym";
				ENABLE_NS_ASSERTIONS = NO;
				ENABLE_STRICT_OBJC_MSGSEND = YES;
				ENABLE_USER_SCRIPT_SANDBOXING = YES;
				GCC_C_LANGUAGE_STANDARD = gnu17;
				GCC_NO_COMMON_BLOCKS = YES;
				GCC_WARN_64_TO_32_BIT_CONVERSION = YES;
				GCC_WARN_ABOUT_RETURN_TYPE = YES_ERROR;
				GCC_WARN_UNDECLARED_SELECTOR = YES;
				GCC_WARN_UNINITIALIZED_AUTOS = YES_AGGRESSIVE;
				GCC_WARN_UNUSED_FUNCTION = YES;
				GCC_WARN_UNUSED_VARIABLE = YES;
				IPHONEOS_DEPLOYMENT_TARGET = 17.5;
				LOCALIZATION_PREFERS_STRING_CATALOGS = YES;
				MTL_ENABLE_DEBUG_INFO = NO;
				MTL_FAST_MATH = YES;
				SDKROOT = iphoneos;
				SWIFT_COMPILATION_MODE = wholemodule;
				VALIDATE_PRODUCT = YES;
			};
			name = Release;
		};
		18D7E61C2C6AEE4800A382D4 /* Debug */ = {
			isa = XCBuildConfiguration;
			buildSettings = {
				ASSETCATALOG_COMPILER_APPICON_NAME = AppIcon;
				ASSETCATALOG_COMPILER_GLOBAL_ACCENT_COLOR_NAME = AccentColor;
				CODE_SIGN_STYLE = Automatic;
				CURRENT_PROJECT_VERSION = 1;
				DEVELOPMENT_ASSET_PATHS = "\"SwiftUi-weather/Preview Content\"";
				ENABLE_PREVIEWS = YES;
				GENERATE_INFOPLIST_FILE = YES;
				INFOPLIST_KEY_UIApplicationSceneManifest_Generation = YES;
				INFOPLIST_KEY_UIApplicationSupportsIndirectInputEvents = YES;
				INFOPLIST_KEY_UILaunchScreen_Generation = YES;
				INFOPLIST_KEY_UISupportedInterfaceOrientations_iPad = "UIInterfaceOrientationPortrait UIInterfaceOrientationPortraitUpsideDown UIInterfaceOrientationLandscapeLeft UIInterfaceOrientationLandscapeRight";
				INFOPLIST_KEY_UISupportedInterfaceOrientations_iPhone = "UIInterfaceOrientationPortrait UIInterfaceOrientationLandscapeLeft UIInterfaceOrientationLandscapeRight";
				LD_RUNPATH_SEARCH_PATHS = (
					"$(inherited)",
					"@executable_path/Frameworks",
				);
				MARKETING_VERSION = 1.0;
				PRODUCT_BUNDLE_IDENTIFIER = "com.test.app.SwiftUi-weather";
				PRODUCT_NAME = "$(TARGET_NAME)";
				SWIFT_EMIT_LOC_STRINGS = YES;
				SWIFT_VERSION = 5.0;
				TARGETED_DEVICE_FAMILY = "1,2";
			};
			name = Debug;
		};
		18D7E61D2C6AEE4800A382D4 /* Release */ = {
			isa = XCBuildConfiguration;
			buildSettings = {
				ASSETCATALOG_COMPILER_APPICON_NAME = AppIcon;
				ASSETCATALOG_COMPILER_GLOBAL_ACCENT_COLOR_NAME = AccentColor;
				CODE_SIGN_STYLE = Automatic;
				CURRENT_PROJECT_VERSION = 1;
				DEVELOPMENT_ASSET_PATHS = "\"SwiftUi-weather/Preview Content\"";
				ENABLE_PREVIEWS = YES;
				GENERATE_INFOPLIST_FILE = YES;
				INFOPLIST_KEY_UIApplicationSceneManifest_Generation = YES;
				INFOPLIST_KEY_UIApplicationSupportsIndirectInputEvents = YES;
				INFOPLIST_KEY_UILaunchScreen_Generation = YES;
				INFOPLIST_KEY_UISupportedInterfaceOrientations_iPad = "UIInterfaceOrientationPortrait UIInterfaceOrientationPortraitUpsideDown UIInterfaceOrientationLandscapeLeft UIInterfaceOrientationLandscapeRight";
				INFOPLIST_KEY_UISupportedInterfaceOrientations_iPhone = "UIInterfaceOrientationPortrait UIInterfaceOrientationLandscapeLeft UIInterfaceOrientationLandscapeRight";
				LD_RUNPATH_SEARCH_PATHS = (
					"$(inherited)",
					"@executable_path/Frameworks",
				);
				MARKETING_VERSION = 1.0;
				PRODUCT_BUNDLE_IDENTIFIER = "com.test.app.SwiftUi-weather";
				PRODUCT_NAME = "$(TARGET_NAME)";
				SWIFT_EMIT_LOC_STRINGS = YES;
				SWIFT_VERSION = 5.0;
				TARGETED_DEVICE_FAMILY = "1,2";
			};
			name = Release;
		};
		18D7E61F2C6AEE4800A382D4 /* Debug */ = {
			isa = XCBuildConfiguration;
			buildSettings = {
				ALWAYS_EMBED_SWIFT_STANDARD_LIBRARIES = YES;
				BUNDLE_LOADER = "$(TEST_HOST)";
				CODE_SIGN_STYLE = Automatic;
				CURRENT_PROJECT_VERSION = 1;
				GENERATE_INFOPLIST_FILE = YES;
				IPHONEOS_DEPLOYMENT_TARGET = 17.5;
				MARKETING_VERSION = 1.0;
				PRODUCT_BUNDLE_IDENTIFIER = "com.test.app.SwiftUi-weatherTests";
				PRODUCT_NAME = "$(TARGET_NAME)";
				SWIFT_EMIT_LOC_STRINGS = NO;
				SWIFT_VERSION = 5.0;
				TARGETED_DEVICE_FAMILY = "1,2";
				TEST_HOST = "$(BUILT_PRODUCTS_DIR)/SwiftUi-weather.app/$(BUNDLE_EXECUTABLE_FOLDER_PATH)/SwiftUi-weather";
			};
			name = Debug;
		};
		18D7E6202C6AEE4800A382D4 /* Release */ = {
			isa = XCBuildConfiguration;
			buildSettings = {
				ALWAYS_EMBED_SWIFT_STANDARD_LIBRARIES = YES;
				BUNDLE_LOADER = "$(TEST_HOST)";
				CODE_SIGN_STYLE = Automatic;
				CURRENT_PROJECT_VERSION = 1;
				GENERATE_INFOPLIST_FILE = YES;
				IPHONEOS_DEPLOYMENT_TARGET = 17.5;
				MARKETING_VERSION = 1.0;
				PRODUCT_BUNDLE_IDENTIFIER = "com.test.app.SwiftUi-weatherTests";
				PRODUCT_NAME = "$(TARGET_NAME)";
				SWIFT_EMIT_LOC_STRINGS = NO;
				SWIFT_VERSION = 5.0;
				TARGETED_DEVICE_FAMILY = "1,2";
				TEST_HOST = "$(BUILT_PRODUCTS_DIR)/SwiftUi-weather.app/$(BUNDLE_EXECUTABLE_FOLDER_PATH)/SwiftUi-weather";
			};
			name = Release;
		};
		18D7E6222C6AEE4800A382D4 /* Debug */ = {
			isa = XCBuildConfiguration;
			buildSettings = {
				ALWAYS_EMBED_SWIFT_STANDARD_LIBRARIES = YES;
				CODE_SIGN_STYLE = Automatic;
				CURRENT_PROJECT_VERSION = 1;
				GENERATE_INFOPLIST_FILE = YES;
				MARKETING_VERSION = 1.0;
				PRODUCT_BUNDLE_IDENTIFIER = "com.test.app.SwiftUi-weatherUITests";
				PRODUCT_NAME = "$(TARGET_NAME)";
				SWIFT_EMIT_LOC_STRINGS = NO;
				SWIFT_VERSION = 5.0;
				TARGETED_DEVICE_FAMILY = "1,2";
				TEST_TARGET_NAME = "SwiftUi-weather";
			};
			name = Debug;
		};
		18D7E6232C6AEE4800A382D4 /* Release */ = {
			isa = XCBuildConfiguration;
			buildSettings = {
				ALWAYS_EMBED_SWIFT_STANDARD_LIBRARIES = YES;
				CODE_SIGN_STYLE = Automatic;
				CURRENT_PROJECT_VERSION = 1;
				GENERATE_INFOPLIST_FILE = YES;
				MARKETING_VERSION = 1.0;
				PRODUCT_BUNDLE_IDENTIFIER = "com.test.app.SwiftUi-weatherUITests";
				PRODUCT_NAME = "$(TARGET_NAME)";
				SWIFT_EMIT_LOC_STRINGS = NO;
				SWIFT_VERSION = 5.0;
				TARGETED_DEVICE_FAMILY = "1,2";
				TEST_TARGET_NAME = "SwiftUi-weather";
			};
			name = Release;
		};
/* End XCBuildConfiguration section */

/* Begin XCConfigurationList section */
		18D7E5F22C6AEE4600A382D4 /* Build configuration list for PBXProject "SwiftUi-weather" */ = {
			isa = XCConfigurationList;
			buildConfigurations = (
				18D7E6192C6AEE4800A382D4 /* Debug */,
				18D7E61A2C6AEE4800A382D4 /* Release */,
			);
			defaultConfigurationIsVisible = 0;
			defaultConfigurationName = Release;
		};
		18D7E61B2C6AEE4800A382D4 /* Build configuration list for PBXNativeTarget "SwiftUi-weather" */ = {
			isa = XCConfigurationList;
			buildConfigurations = (
				18D7E61C2C6AEE4800A382D4 /* Debug */,
				18D7E61D2C6AEE4800A382D4 /* Release */,
			);
			defaultConfigurationIsVisible = 0;
			defaultConfigurationName = Release;
		};
		18D7E61E2C6AEE4800A382D4 /* Build configuration list for PBXNativeTarget "SwiftUi-weatherTests" */ = {
			isa = XCConfigurationList;
			buildConfigurations = (
				18D7E61F2C6AEE4800A382D4 /* Debug */,
				18D7E6202C6AEE4800A382D4 /* Release */,
			);
			defaultConfigurationIsVisible = 0;
			defaultConfigurationName = Release;
		};
		18D7E6212C6AEE4800A382D4 /* Build configuration list for PBXNativeTarget "SwiftUi-weatherUITests" */ = {
			isa = XCConfigurationList;
			buildConfigurations = (
				18D7E6222C6AEE4800A382D4 /* Debug */,
				18D7E6232C6AEE4800A382D4 /* Release */,
			);
			defaultConfigurationIsVisible = 0;
			defaultConfigurationName = Release;
		};
/* End XCConfigurationList section */
	};
	rootObject = 18D7E5EF2C6AEE4600A382D4 /* Project object */;
}
